// !$*UTF8*$!
{
	archiveVersion = 1;
	classes = {
	};
	objectVersion = 56;
	objects = {

/* Begin PBXBuildFile section */
		1619C7802B946FB300D55491 /* AppDelegate.swift in Sources */ = {isa = PBXBuildFile; fileRef = 1619C77F2B946FB300D55491 /* AppDelegate.swift */; };
		1619C7822B946FB300D55491 /* SceneDelegate.swift in Sources */ = {isa = PBXBuildFile; fileRef = 1619C7812B946FB300D55491 /* SceneDelegate.swift */; };
		1619C7842B946FB300D55491 /* StudentViewController.swift in Sources */ = {isa = PBXBuildFile; fileRef = 1619C7832B946FB300D55491 /* StudentViewController.swift */; };
		1619C7892B946FB400D55491 /* Assets.xcassets in Resources */ = {isa = PBXBuildFile; fileRef = 1619C7882B946FB400D55491 /* Assets.xcassets */; };
		1619C78C2B946FB400D55491 /* LaunchScreen.storyboard in Resources */ = {isa = PBXBuildFile; fileRef = 1619C78A2B946FB400D55491 /* LaunchScreen.storyboard */; };
		1619C7952B946FE700D55491 /* SnapKit in Frameworks */ = {isa = PBXBuildFile; productRef = 1619C7942B946FE700D55491 /* SnapKit */; };
		1619C7972B946FE700D55491 /* SnapKit-Dynamic in Frameworks */ = {isa = PBXBuildFile; productRef = 1619C7962B946FE700D55491 /* SnapKit-Dynamic */; };
		1619C79B2B94705900D55491 /* Student.swift in Sources */ = {isa = PBXBuildFile; fileRef = 1619C79A2B94705900D55491 /* Student.swift */; };
		1619C79E2B94863B00D55491 /* StudentDetailViewController.swift in Sources */ = {isa = PBXBuildFile; fileRef = 1619C79D2B94863B00D55491 /* StudentDetailViewController.swift */; };
/* End PBXBuildFile section */

/* Begin PBXFileReference section */
		1619C77C2B946FB300D55491 /* StudentProject.app */ = {isa = PBXFileReference; explicitFileType = wrapper.application; includeInIndex = 0; path = StudentProject.app; sourceTree = BUILT_PRODUCTS_DIR; };
		1619C77F2B946FB300D55491 /* AppDelegate.swift */ = {isa = PBXFileReference; lastKnownFileType = sourcecode.swift; path = AppDelegate.swift; sourceTree = "<group>"; };
		1619C7812B946FB300D55491 /* SceneDelegate.swift */ = {isa = PBXFileReference; lastKnownFileType = sourcecode.swift; path = SceneDelegate.swift; sourceTree = "<group>"; };
		1619C7832B946FB300D55491 /* StudentViewController.swift */ = {isa = PBXFileReference; lastKnownFileType = sourcecode.swift; path = StudentViewController.swift; sourceTree = "<group>"; };
		1619C7882B946FB400D55491 /* Assets.xcassets */ = {isa = PBXFileReference; lastKnownFileType = folder.assetcatalog; path = Assets.xcassets; sourceTree = "<group>"; };
		1619C78B2B946FB400D55491 /* Base */ = {isa = PBXFileReference; lastKnownFileType = file.storyboard; name = Base; path = Base.lproj/LaunchScreen.storyboard; sourceTree = "<group>"; };
		1619C78D2B946FB400D55491 /* Info.plist */ = {isa = PBXFileReference; lastKnownFileType = text.plist.xml; path = Info.plist; sourceTree = "<group>"; };
		1619C79A2B94705900D55491 /* Student.swift */ = {isa = PBXFileReference; lastKnownFileType = sourcecode.swift; path = Student.swift; sourceTree = "<group>"; };
		1619C79D2B94863B00D55491 /* StudentDetailViewController.swift */ = {isa = PBXFileReference; lastKnownFileType = sourcecode.swift; path = StudentDetailViewController.swift; sourceTree = "<group>"; };
/* End PBXFileReference section */

/* Begin PBXFrameworksBuildPhase section */
		1619C7792B946FB300D55491 /* Frameworks */ = {
			isa = PBXFrameworksBuildPhase;
			buildActionMask = 2147483647;
			files = (
				1619C7952B946FE700D55491 /* SnapKit in Frameworks */,
				1619C7972B946FE700D55491 /* SnapKit-Dynamic in Frameworks */,
			);
			runOnlyForDeploymentPostprocessing = 0;
		};
/* End PBXFrameworksBuildPhase section */

/* Begin PBXGroup section */
		1619C7732B946FB300D55491 = {
			isa = PBXGroup;
			children = (
				1619C77E2B946FB300D55491 /* StudentProject */,
				1619C77D2B946FB300D55491 /* Products */,
			);
			sourceTree = "<group>";
		};
		1619C77D2B946FB300D55491 /* Products */ = {
			isa = PBXGroup;
			children = (
				1619C77C2B946FB300D55491 /* StudentProject.app */,
			);
			name = Products;
			sourceTree = "<group>";
		};
		1619C77E2B946FB300D55491 /* StudentProject */ = {
			isa = PBXGroup;
			children = (
				1619C79C2B94706000D55491 /* Model */,
				1619C7982B946FFB00D55491 /* Helpers */,
				1619C7992B94701900D55491 /* VC */,
				1619C7882B946FB400D55491 /* Assets.xcassets */,
				1619C78A2B946FB400D55491 /* LaunchScreen.storyboard */,
				1619C78D2B946FB400D55491 /* Info.plist */,
			);
			path = StudentProject;
			sourceTree = "<group>";
		};
		1619C7982B946FFB00D55491 /* Helpers */ = {
			isa = PBXGroup;
			children = (
				1619C77F2B946FB300D55491 /* AppDelegate.swift */,
				1619C7812B946FB300D55491 /* SceneDelegate.swift */,
			);
			path = Helpers;
			sourceTree = "<group>";
		};
		1619C7992B94701900D55491 /* VC */ = {
			isa = PBXGroup;
			children = (
				1619C7832B946FB300D55491 /* StudentViewController.swift */,
				1619C79D2B94863B00D55491 /* StudentDetailViewController.swift */,
			);
			path = VC;
			sourceTree = "<group>";
		};
		1619C79C2B94706000D55491 /* Model */ = {
			isa = PBXGroup;
			children = (
				1619C79A2B94705900D55491 /* Student.swift */,
			);
			path = Model;
			sourceTree = "<group>";
		};
/* End PBXGroup section */

/* Begin PBXNativeTarget section */
		1619C77B2B946FB300D55491 /* StudentProject */ = {
			isa = PBXNativeTarget;
			buildConfigurationList = 1619C7902B946FB400D55491 /* Build configuration list for PBXNativeTarget "StudentProject" */;
			buildPhases = (
				1619C7782B946FB300D55491 /* Sources */,
				1619C7792B946FB300D55491 /* Frameworks */,
				1619C77A2B946FB300D55491 /* Resources */,
			);
			buildRules = (
			);
			dependencies = (
			);
			name = StudentProject;
			packageProductDependencies = (
				1619C7942B946FE700D55491 /* SnapKit */,
				1619C7962B946FE700D55491 /* SnapKit-Dynamic */,
			);
			productName = StudentProject;
			productReference = 1619C77C2B946FB300D55491 /* StudentProject.app */;
			productType = "com.apple.product-type.application";
		};
/* End PBXNativeTarget section */

/* Begin PBXProject section */
		1619C7742B946FB300D55491 /* Project object */ = {
			isa = PBXProject;
			attributes = {
				BuildIndependentTargetsInParallel = 1;
				LastSwiftUpdateCheck = 1520;
				LastUpgradeCheck = 1520;
				TargetAttributes = {
					1619C77B2B946FB300D55491 = {
						CreatedOnToolsVersion = 15.2;
					};
				};
			};
			buildConfigurationList = 1619C7772B946FB300D55491 /* Build configuration list for PBXProject "StudentProject" */;
			compatibilityVersion = "Xcode 14.0";
			developmentRegion = en;
			hasScannedForEncodings = 0;
			knownRegions = (
				en,
				Base,
			);
			mainGroup = 1619C7732B946FB300D55491;
			packageReferences = (
				1619C7932B946FE700D55491 /* XCRemoteSwiftPackageReference "SnapKit" */,
			);
			productRefGroup = 1619C77D2B946FB300D55491 /* Products */;
			projectDirPath = "";
			projectRoot = "";
			targets = (
				1619C77B2B946FB300D55491 /* StudentProject */,
			);
		};
/* End PBXProject section */

/* Begin PBXResourcesBuildPhase section */
		1619C77A2B946FB300D55491 /* Resources */ = {
			isa = PBXResourcesBuildPhase;
			buildActionMask = 2147483647;
			files = (
				1619C78C2B946FB400D55491 /* LaunchScreen.storyboard in Resources */,
				1619C7892B946FB400D55491 /* Assets.xcassets in Resources */,
			);
			runOnlyForDeploymentPostprocessing = 0;
		};
/* End PBXResourcesBuildPhase section */

/* Begin PBXSourcesBuildPhase section */
		1619C7782B946FB300D55491 /* Sources */ = {
			isa = PBXSourcesBuildPhase;
			buildActionMask = 2147483647;
			files = (
				1619C7842B946FB300D55491 /* StudentViewController.swift in Sources */,
				1619C7802B946FB300D55491 /* AppDelegate.swift in Sources */,
				1619C7822B946FB300D55491 /* SceneDelegate.swift in Sources */,
				1619C79E2B94863B00D55491 /* StudentDetailViewController.swift in Sources */,
				1619C79B2B94705900D55491 /* Student.swift in Sources */,
			);
			runOnlyForDeploymentPostprocessing = 0;
		};
/* End PBXSourcesBuildPhase section */

/* Begin PBXVariantGroup section */
		1619C78A2B946FB400D55491 /* LaunchScreen.storyboard */ = {
			isa = PBXVariantGroup;
			children = (
				1619C78B2B946FB400D55491 /* Base */,
			);
			name = LaunchScreen.storyboard;
			sourceTree = "<group>";
		};
/* End PBXVariantGroup section */

/* Begin XCBuildConfiguration section */
		1619C78E2B946FB400D55491 /* Debug */ = {
			isa = XCBuildConfiguration;
			buildSettings = {
				ALWAYS_SEARCH_USER_PATHS = NO;
				ASSETCATALOG_COMPILER_GENERATE_SWIFT_ASSET_SYMBOL_EXTENSIONS = YES;
				CLANG_ANALYZER_NONNULL = YES;
				CLANG_ANALYZER_NUMBER_OBJECT_CONVERSION = YES_AGGRESSIVE;
				CLANG_CXX_LANGUAGE_STANDARD = "gnu++20";
				CLANG_ENABLE_MODULES = YES;
				CLANG_ENABLE_OBJC_ARC = YES;
				CLANG_ENABLE_OBJC_WEAK = YES;
				CLANG_WARN_BLOCK_CAPTURE_AUTORELEASING = YES;
				CLANG_WARN_BOOL_CONVERSION = YES;
				CLANG_WARN_COMMA = YES;
				CLANG_WARN_CONSTANT_CONVERSION = YES;
				CLANG_WARN_DEPRECATED_OBJC_IMPLEMENTATIONS = YES;
				CLANG_WARN_DIRECT_OBJC_ISA_USAGE = YES_ERROR;
				CLANG_WARN_DOCUMENTATION_COMMENTS = YES;
				CLANG_WARN_EMPTY_BODY = YES;
				CLANG_WARN_ENUM_CONVERSION = YES;
				CLANG_WARN_INFINITE_RECURSION = YES;
				CLANG_WARN_INT_CONVERSION = YES;
				CLANG_WARN_NON_LITERAL_NULL_CONVERSION = YES;
				CLANG_WARN_OBJC_IMPLICIT_RETAIN_SELF = YES;
				CLANG_WARN_OBJC_LITERAL_CONVERSION = YES;
				CLANG_WARN_OBJC_ROOT_CLASS = YES_ERROR;
				CLANG_WARN_QUOTED_INCLUDE_IN_FRAMEWORK_HEADER = YES;
				CLANG_WARN_RANGE_LOOP_ANALYSIS = YES;
				CLANG_WARN_STRICT_PROTOTYPES = YES;
				CLANG_WARN_SUSPICIOUS_MOVE = YES;
				CLANG_WARN_UNGUARDED_AVAILABILITY = YES_AGGRESSIVE;
				CLANG_WARN_UNREACHABLE_CODE = YES;
				CLANG_WARN__DUPLICATE_METHOD_MATCH = YES;
				COPY_PHASE_STRIP = NO;
				DEBUG_INFORMATION_FORMAT = dwarf;
				ENABLE_STRICT_OBJC_MSGSEND = YES;
				ENABLE_TESTABILITY = YES;
				ENABLE_USER_SCRIPT_SANDBOXING = YES;
				GCC_C_LANGUAGE_STANDARD = gnu17;
				GCC_DYNAMIC_NO_PIC = NO;
				GCC_NO_COMMON_BLOCKS = YES;
				GCC_OPTIMIZATION_LEVEL = 0;
				GCC_PREPROCESSOR_DEFINITIONS = (
					"DEBUG=1",
					"$(inherited)",
				);
				GCC_WARN_64_TO_32_BIT_CONVERSION = YES;
				GCC_WARN_ABOUT_RETURN_TYPE = YES_ERROR;
				GCC_WARN_UNDECLARED_SELECTOR = YES;
				GCC_WARN_UNINITIALIZED_AUTOS = YES_AGGRESSIVE;
				GCC_WARN_UNUSED_FUNCTION = YES;
				GCC_WARN_UNUSED_VARIABLE = YES;
				IPHONEOS_DEPLOYMENT_TARGET = 17.2;
				LOCALIZATION_PREFERS_STRING_CATALOGS = YES;
				MTL_ENABLE_DEBUG_INFO = INCLUDE_SOURCE;
				MTL_FAST_MATH = YES;
				ONLY_ACTIVE_ARCH = YES;
				SDKROOT = iphoneos;
				SWIFT_ACTIVE_COMPILATION_CONDITIONS = "DEBUG $(inherited)";
				SWIFT_OPTIMIZATION_LEVEL = "-Onone";
			};
			name = Debug;
		};
		1619C78F2B946FB400D55491 /* Release */ = {
			isa = XCBuildConfiguration;
			buildSettings = {
				ALWAYS_SEARCH_USER_PATHS = NO;
				ASSETCATALOG_COMPILER_GENERATE_SWIFT_ASSET_SYMBOL_EXTENSIONS = YES;
				CLANG_ANALYZER_NONNULL = YES;
				CLANG_ANALYZER_NUMBER_OBJECT_CONVERSION = YES_AGGRESSIVE;
				CLANG_CXX_LANGUAGE_STANDARD = "gnu++20";
				CLANG_ENABLE_MODULES = YES;
				CLANG_ENABLE_OBJC_ARC = YES;
				CLANG_ENABLE_OBJC_WEAK = YES;
				CLANG_WARN_BLOCK_CAPTURE_AUTORELEASING = YES;
				CLANG_WARN_BOOL_CONVERSION = YES;
				CLANG_WARN_COMMA = YES;
				CLANG_WARN_CONSTANT_CONVERSION = YES;
				CLANG_WARN_DEPRECATED_OBJC_IMPLEMENTATIONS = YES;
				CLANG_WARN_DIRECT_OBJC_ISA_USAGE = YES_ERROR;
				CLANG_WARN_DOCUMENTATION_COMMENTS = YES;
				CLANG_WARN_EMPTY_BODY = YES;
				CLANG_WARN_ENUM_CONVERSION = YES;
				CLANG_WARN_INFINITE_RECURSION = YES;
				CLANG_WARN_INT_CONVERSION = YES;
				CLANG_WARN_NON_LITERAL_NULL_CONVERSION = YES;
				CLANG_WARN_OBJC_IMPLICIT_RETAIN_SELF = YES;
				CLANG_WARN_OBJC_LITERAL_CONVERSION = YES;
				CLANG_WARN_OBJC_ROOT_CLASS = YES_ERROR;
				CLANG_WARN_QUOTED_INCLUDE_IN_FRAMEWORK_HEADER = YES;
				CLANG_WARN_RANGE_LOOP_ANALYSIS = YES;
				CLANG_WARN_STRICT_PROTOTYPES = YES;
				CLANG_WARN_SUSPICIOUS_MOVE = YES;
				CLANG_WARN_UNGUARDED_AVAILABILITY = YES_AGGRESSIVE;
				CLANG_WARN_UNREACHABLE_CODE = YES;
				CLANG_WARN__DUPLICATE_METHOD_MATCH = YES;
				COPY_PHASE_STRIP = NO;
				DEBUG_INFORMATION_FORMAT = "dwarf-with-dsym";
				ENABLE_NS_ASSERTIONS = NO;
				ENABLE_STRICT_OBJC_MSGSEND = YES;
				ENABLE_USER_SCRIPT_SANDBOXING = YES;
				GCC_C_LANGUAGE_STANDARD = gnu17;
				GCC_NO_COMMON_BLOCKS = YES;
				GCC_WARN_64_TO_32_BIT_CONVERSION = YES;
				GCC_WARN_ABOUT_RETURN_TYPE = YES_ERROR;
				GCC_WARN_UNDECLARED_SELECTOR = YES;
				GCC_WARN_UNINITIALIZED_AUTOS = YES_AGGRESSIVE;
				GCC_WARN_UNUSED_FUNCTION = YES;
				GCC_WARN_UNUSED_VARIABLE = YES;
				IPHONEOS_DEPLOYMENT_TARGET = 17.2;
				LOCALIZATION_PREFERS_STRING_CATALOGS = YES;
				MTL_ENABLE_DEBUG_INFO = NO;
				MTL_FAST_MATH = YES;
				SDKROOT = iphoneos;
				SWIFT_COMPILATION_MODE = wholemodule;
				VALIDATE_PRODUCT = YES;
			};
			name = Release;
		};
		1619C7912B946FB400D55491 /* Debug */ = {
			isa = XCBuildConfiguration;
			buildSettings = {
				ASSETCATALOG_COMPILER_APPICON_NAME = AppIcon;
				ASSETCATALOG_COMPILER_GLOBAL_ACCENT_COLOR_NAME = AccentColor;
				CODE_SIGN_STYLE = Automatic;
				CURRENT_PROJECT_VERSION = 1;
				GENERATE_INFOPLIST_FILE = YES;
				INFOPLIST_FILE = StudentProject/Info.plist;
				INFOPLIST_KEY_UIApplicationSupportsIndirectInputEvents = YES;
				INFOPLIST_KEY_UILaunchStoryboardName = LaunchScreen;
				INFOPLIST_KEY_UISupportedInterfaceOrientations_iPad = "UIInterfaceOrientationPortrait UIInterfaceOrientationPortraitUpsideDown UIInterfaceOrientationLandscapeLeft UIInterfaceOrientationLandscapeRight";
				INFOPLIST_KEY_UISupportedInterfaceOrientations_iPhone = "UIInterfaceOrientationPortrait UIInterfaceOrientationLandscapeLeft UIInterfaceOrientationLandscapeRight";
				LD_RUNPATH_SEARCH_PATHS = (
					"$(inherited)",
					"@executable_path/Frameworks",
				);
				MARKETING_VERSION = 1.0;
				PRODUCT_BUNDLE_IDENTIFIER = HayaAlqahtani.StudentProject;
				PRODUCT_NAME = "$(TARGET_NAME)";
				SWIFT_EMIT_LOC_STRINGS = YES;
				SWIFT_VERSION = 5.0;
				TARGETED_DEVICE_FAMILY = "1,2";
			};
			name = Debug;
		};
		1619C7922B946FB400D55491 /* Release */ = {
			isa = XCBuildConfiguration;
			buildSettings = {
				ASSETCATALOG_COMPILER_APPICON_NAME = AppIcon;
				ASSETCATALOG_COMPILER_GLOBAL_ACCENT_COLOR_NAME = AccentColor;
				CODE_SIGN_STYLE = Automatic;
				CURRENT_PROJECT_VERSION = 1;
				GENERATE_INFOPLIST_FILE = YES;
				INFOPLIST_FILE = StudentProject/Info.plist;
				INFOPLIST_KEY_UIApplicationSupportsIndirectInputEvents = YES;
				INFOPLIST_KEY_UILaunchStoryboardName = LaunchScreen;
				INFOPLIST_KEY_UISupportedInterfaceOrientations_iPad = "UIInterfaceOrientationPortrait UIInterfaceOrientationPortraitUpsideDown UIInterfaceOrientationLandscapeLeft UIInterfaceOrientationLandscapeRight";
				INFOPLIST_KEY_UISupportedInterfaceOrientations_iPhone = "UIInterfaceOrientationPortrait UIInterfaceOrientationLandscapeLeft UIInterfaceOrientationLandscapeRight";
				LD_RUNPATH_SEARCH_PATHS = (
					"$(inherited)",
					"@executable_path/Frameworks",
				);
				MARKETING_VERSION = 1.0;
				PRODUCT_BUNDLE_IDENTIFIER = HayaAlqahtani.StudentProject;
				PRODUCT_NAME = "$(TARGET_NAME)";
				SWIFT_EMIT_LOC_STRINGS = YES;
				SWIFT_VERSION = 5.0;
				TARGETED_DEVICE_FAMILY = "1,2";
			};
			name = Release;
		};
/* End XCBuildConfiguration section */

/* Begin XCConfigurationList section */
		1619C7772B946FB300D55491 /* Build configuration list for PBXProject "StudentProject" */ = {
			isa = XCConfigurationList;
			buildConfigurations = (
				1619C78E2B946FB400D55491 /* Debug */,
				1619C78F2B946FB400D55491 /* Release */,
			);
			defaultConfigurationIsVisible = 0;
			defaultConfigurationName = Release;
		};
		1619C7902B946FB400D55491 /* Build configuration list for PBXNativeTarget "StudentProject" */ = {
			isa = XCConfigurationList;
			buildConfigurations = (
				1619C7912B946FB400D55491 /* Debug */,
				1619C7922B946FB400D55491 /* Release */,
			);
			defaultConfigurationIsVisible = 0;
			defaultConfigurationName = Release;
		};
/* End XCConfigurationList section */

/* Begin XCRemoteSwiftPackageReference section */
		1619C7932B946FE700D55491 /* XCRemoteSwiftPackageReference "SnapKit" */ = {
			isa = XCRemoteSwiftPackageReference;
			repositoryURL = "https://github.com/SnapKit/SnapKit.git";
			requirement = {
				kind = upToNextMajorVersion;
				minimumVersion = 5.7.1;
			};
		};
/* End XCRemoteSwiftPackageReference section */

/* Begin XCSwiftPackageProductDependency section */
		1619C7942B946FE700D55491 /* SnapKit */ = {
			isa = XCSwiftPackageProductDependency;
			package = 1619C7932B946FE700D55491 /* XCRemoteSwiftPackageReference "SnapKit" */;
			productName = SnapKit;
		};
		1619C7962B946FE700D55491 /* SnapKit-Dynamic */ = {
			isa = XCSwiftPackageProductDependency;
			package = 1619C7932B946FE700D55491 /* XCRemoteSwiftPackageReference "SnapKit" */;
			productName = "SnapKit-Dynamic";
		};
/* End XCSwiftPackageProductDependency section */
	};
	rootObject = 1619C7742B946FB300D55491 /* Project object */;
}
